
Microsoft Visual Studio Solution File, Format Version 12.00
# Visual Studio Version 17
VisualStudioVersion = 17.7.34018.315
MinimumVisualStudioVersion = 10.0.40219.1
Project("{FAE04EC0-301F-11D3-BF4B-00C04F79EFBC}") = "FiskalniRacun", "FiskalniRacun.csproj", "{09EBD5EE-37FB-48E5-B260-59FC7BAE7FD6}"
EndProject
Global
	GlobalSection(SolutionConfigurationPlatforms) = preSolution
		Debug|Any CPU = Debug|Any CPU
		Release|Any CPU = Release|Any CPU
	EndGlobalSection
	GlobalSection(ProjectConfigurationPlatforms) = postSolution
		{09EBD5EE-37FB-48E5-B260-59FC7BAE7FD6}.Debug|Any CPU.ActiveCfg = Debug|Any CPU
		{09EBD5EE-37FB-48E5-B260-59FC7BAE7FD6}.Debug|Any CPU.Build.0 = Debug|Any CPU
		{09EBD5EE-37FB-48E5-B260-59FC7BAE7FD6}.Release|Any CPU.ActiveCfg = Release|Any CPU
		{09EBD5EE-37FB-48E5-B260-59FC7BAE7FD6}.Release|Any CPU.Build.0 = Release|Any CPU
	EndGlobalSection
	GlobalSection(SolutionProperties) = preSolution
		HideSolutionNode = FALSE
	EndGlobalSection
	GlobalSection(ExtensibilityGlobals) = postSolution
		SolutionGuid = {CD6C0E0D-A551-4E47-A93A-5BF8EFF3E221}
	EndGlobalSection
EndGlobal
